// !$*UTF8*$!
{
	archiveVersion = 1;
	classes = {
	};
	objectVersion = 46;
	objects = {

/* Begin PBXBuildFile section */
		3D0751B81D50F68E001FAB9C /* AppDelegate.swift in Sources */ = {isa = PBXBuildFile; fileRef = 3D0751B71D50F68E001FAB9C /* AppDelegate.swift */; };
		3D0751BA1D50F68E001FAB9C /* Controller.swift in Sources */ = {isa = PBXBuildFile; fileRef = 3D0751B91D50F68E001FAB9C /* Controller.swift */; };
		3D0751BD1D50F68E001FAB9C /* Main.storyboard in Resources */ = {isa = PBXBuildFile; fileRef = 3D0751BB1D50F68E001FAB9C /* Main.storyboard */; };
		3D0751BF1D50F68E001FAB9C /* Assets.xcassets in Resources */ = {isa = PBXBuildFile; fileRef = 3D0751BE1D50F68E001FAB9C /* Assets.xcassets */; };
		3D0751C21D50F68F001FAB9C /* LaunchScreen.storyboard in Resources */ = {isa = PBXBuildFile; fileRef = 3D0751C01D50F68F001FAB9C /* LaunchScreen.storyboard */; };
		3D0751CD1D523D39001FAB9C /* Model.swift in Sources */ = {isa = PBXBuildFile; fileRef = 3D0751CC1D523D39001FAB9C /* Model.swift */; };
/* End PBXBuildFile section */

/* Begin PBXFileReference section */
		3D0751B41D50F68A001FAB9C /* calculator.app */ = {isa = PBXFileReference; explicitFileType = wrapper.application; includeInIndex = 0; path = calculator.app; sourceTree = BUILT_PRODUCTS_DIR; };
		3D0751B71D50F68E001FAB9C /* AppDelegate.swift */ = {isa = PBXFileReference; lastKnownFileType = sourcecode.swift; path = AppDelegate.swift; sourceTree = "<group>"; };
		3D0751B91D50F68E001FAB9C /* Controller.swift */ = {isa = PBXFileReference; lastKnownFileType = sourcecode.swift; path = Controller.swift; sourceTree = "<group>"; };
		3D0751BC1D50F68E001FAB9C /* Base */ = {isa = PBXFileReference; lastKnownFileType = file.storyboard; name = Base; path = Base.lproj/Main.storyboard; sourceTree = "<group>"; };
		3D0751BE1D50F68E001FAB9C /* Assets.xcassets */ = {isa = PBXFileReference; lastKnownFileType = folder.assetcatalog; path = Assets.xcassets; sourceTree = "<group>"; };
		3D0751C11D50F68F001FAB9C /* Base */ = {isa = PBXFileReference; lastKnownFileType = file.storyboard; name = Base; path = Base.lproj/LaunchScreen.storyboard; sourceTree = "<group>"; };
		3D0751C31D50F68F001FAB9C /* Info.plist */ = {isa = PBXFileReference; lastKnownFileType = text.plist.xml; path = Info.plist; sourceTree = "<group>"; };
		3D0751CC1D523D39001FAB9C /* Model.swift */ = {isa = PBXFileReference; fileEncoding = 4; lastKnownFileType = sourcecode.swift; path = Model.swift; sourceTree = "<group>"; };
/* End PBXFileReference section */

/* Begin PBXFrameworksBuildPhase section */
		3D0751B11D50F68A001FAB9C /* Frameworks */ = {
			isa = PBXFrameworksBuildPhase;
			buildActionMask = 2147483647;
			files = (
			);
			runOnlyForDeploymentPostprocessing = 0;
		};
/* End PBXFrameworksBuildPhase section */

/* Begin PBXGroup section */
		3D0751AB1D50F68A001FAB9C = {
			isa = PBXGroup;
			children = (
				3D0751B61D50F68D001FAB9C /* calculator */,
				3D0751B51D50F68B001FAB9C /* Products */,
			);
			sourceTree = "<group>";
		};
		3D0751B51D50F68B001FAB9C /* Products */ = {
			isa = PBXGroup;
			children = (
				3D0751B41D50F68A001FAB9C /* calculator.app */,
			);
			name = Products;
			sourceTree = "<group>";
		};
		3D0751B61D50F68D001FAB9C /* calculator */ = {
			isa = PBXGroup;
			children = (
				3D0751C91D50F6F4001FAB9C /* @Supporting files */,
				3D0751B91D50F68E001FAB9C /* Controller.swift */,
				3D0751BB1D50F68E001FAB9C /* Main.storyboard */,
				3D0751CC1D523D39001FAB9C /* Model.swift */,
			);
			path = calculator;
			sourceTree = "<group>";
		};
		3D0751C91D50F6F4001FAB9C /* @Supporting files */ = {
			isa = PBXGroup;
			children = (
				3D0751B71D50F68E001FAB9C /* AppDelegate.swift */,
				3D0751BE1D50F68E001FAB9C /* Assets.xcassets */,
				3D0751C31D50F68F001FAB9C /* Info.plist */,
				3D0751C01D50F68F001FAB9C /* LaunchScreen.storyboard */,
			);
			name = "@Supporting files";
			sourceTree = "<group>";
		};
/* End PBXGroup section */

/* Begin PBXNativeTarget section */
		3D0751B31D50F68A001FAB9C /* calculator */ = {
			isa = PBXNativeTarget;
			buildConfigurationList = 3D0751C61D50F68F001FAB9C /* Build configuration list for PBXNativeTarget "calculator" */;
			buildPhases = (
				3D0751B01D50F68A001FAB9C /* Sources */,
				3D0751B11D50F68A001FAB9C /* Frameworks */,
				3D0751B21D50F68A001FAB9C /* Resources */,
			);
			buildRules = (
			);
			dependencies = (
			);
			name = calculator;
			productName = calculator;
			productReference = 3D0751B41D50F68A001FAB9C /* calculator.app */;
			productType = "com.apple.product-type.application";
		};
/* End PBXNativeTarget section */

/* Begin PBXProject section */
		3D0751AC1D50F68A001FAB9C /* Project object */ = {
			isa = PBXProject;
			attributes = {
				LastSwiftUpdateCheck = 0730;
				LastUpgradeCheck = 0730;
				ORGANIZATIONNAME = "Mohamed ";
				TargetAttributes = {
					3D0751B31D50F68A001FAB9C = {
						CreatedOnToolsVersion = 7.3.1;
						DevelopmentTeam = A54GFYY857;
					};
				};
			};
			buildConfigurationList = 3D0751AF1D50F68A001FAB9C /* Build configuration list for PBXProject "calculator" */;
			compatibilityVersion = "Xcode 3.2";
			developmentRegion = English;
			hasScannedForEncodings = 0;
			knownRegions = (
				en,
				Base,
			);
			mainGroup = 3D0751AB1D50F68A001FAB9C;
			productRefGroup = 3D0751B51D50F68B001FAB9C /* Products */;
			projectDirPath = "";
			projectRoot = "";
			targets = (
				3D0751B31D50F68A001FAB9C /* calculator */,
			);
		};
/* End PBXProject section */

/* Begin PBXResourcesBuildPhase section */
		3D0751B21D50F68A001FAB9C /* Resources */ = {
			isa = PBXResourcesBuildPhase;
			buildActionMask = 2147483647;
			files = (
				3D0751C21D50F68F001FAB9C /* LaunchScreen.storyboard in Resources */,
				3D0751BF1D50F68E001FAB9C /* Assets.xcassets in Resources */,
				3D0751BD1D50F68E001FAB9C /* Main.storyboard in Resources */,
			);
			runOnlyForDeploymentPostprocessing = 0;
		};
/* End PBXResourcesBuildPhase section */

/* Begin PBXSourcesBuildPhase section */
		3D0751B01D50F68A001FAB9C /* Sources */ = {
			isa = PBXSourcesBuildPhase;
			buildActionMask = 2147483647;
			files = (
				3D0751BA1D50F68E001FAB9C /* Controller.swift in Sources */,
				3D0751CD1D523D39001FAB9C /* Model.swift in Sources */,
				3D0751B81D50F68E001FAB9C /* AppDelegate.swift in Sources */,
			);
			runOnlyForDeploymentPostprocessing = 0;
		};
/* End PBXSourcesBuildPhase section */

/* Begin PBXVariantGroup section */
		3D0751BB1D50F68E001FAB9C /* Main.storyboard */ = {
			isa = PBXVariantGroup;
			children = (
				3D0751BC1D50F68E001FAB9C /* Base */,
			);
			name = Main.storyboard;
			sourceTree = "<group>";
		};
		3D0751C01D50F68F001FAB9C /* LaunchScreen.storyboard */ = {
			isa = PBXVariantGroup;
			children = (
				3D0751C11D50F68F001FAB9C /* Base */,
			);
			name = LaunchScreen.storyboard;
			sourceTree = "<group>";
		};
/* End PBXVariantGroup section */

/* Begin XCBuildConfiguration section */
		3D0751C41D50F68F001FAB9C /* Debug */ = {
			isa = XCBuildConfiguration;
			buildSettings = {
				ALWAYS_SEARCH_USER_PATHS = NO;
				CLANG_ANALYZER_NONNULL = YES;
				CLANG_CXX_LANGUAGE_STANDARD = "gnu++0x";
				CLANG_CXX_LIBRARY = "libc++";
				CLANG_ENABLE_MODULES = YES;
				CLANG_ENABLE_OBJC_ARC = YES;
				CLANG_WARN_BOOL_CONVERSION = YES;
				CLANG_WARN_CONSTANT_CONVERSION = YES;
				CLANG_WARN_DIRECT_OBJC_ISA_USAGE = YES_ERROR;
				CLANG_WARN_EMPTY_BODY = YES;
				CLANG_WARN_ENUM_CONVERSION = YES;
				CLANG_WARN_INT_CONVERSION = YES;
				CLANG_WARN_OBJC_ROOT_CLASS = YES_ERROR;
				CLANG_WARN_UNREACHABLE_CODE = YES;
				CLANG_WARN__DUPLICATE_METHOD_MATCH = YES;
				"CODE_SIGN_IDENTITY[sdk=iphoneos*]" = "iPhone Developer";
				COPY_PHASE_STRIP = NO;
				DEBUG_INFORMATION_FORMAT = dwarf;
				ENABLE_STRICT_OBJC_MSGSEND = YES;
				ENABLE_TESTABILITY = YES;
				GCC_C_LANGUAGE_STANDARD = gnu99;
				GCC_DYNAMIC_NO_PIC = NO;
				GCC_NO_COMMON_BLOCKS = YES;
				GCC_OPTIMIZATION_LEVEL = 0;
				GCC_PREPROCESSOR_DEFINITIONS = (
					"DEBUG=1",
					"$(inherited)",
				);
				GCC_WARN_64_TO_32_BIT_CONVERSION = YES;
				GCC_WARN_ABOUT_RETURN_TYPE = YES_ERROR;
				GCC_WARN_UNDECLARED_SELECTOR = YES;
				GCC_WARN_UNINITIALIZED_AUTOS = YES_AGGRESSIVE;
				GCC_WARN_UNUSED_FUNCTION = YES;
				GCC_WARN_UNUSED_VARIABLE = YES;
				IPHONEOS_DEPLOYMENT_TARGET = 9.3;
				MTL_ENABLE_DEBUG_INFO = YES;
				ONLY_ACTIVE_ARCH = YES;
				SDKROOT = iphoneos;
				SWIFT_OPTIMIZATION_LEVEL = "-Onone";
				TARGETED_DEVICE_FAMILY = "1,2";
			};
			name = Debug;
		};
		3D0751C51D50F68F001FAB9C /* Release */ = {
			isa = XCBuildConfiguration;
			buildSettings = {
				ALWAYS_SEARCH_USER_PATHS = NO;
				CLANG_ANALYZER_NONNULL = YES;
				CLANG_CXX_LANGUAGE_STANDARD = "gnu++0x";
				CLANG_CXX_LIBRARY = "libc++";
				CLANG_ENABLE_MODULES = YES;
				CLANG_ENABLE_OBJC_ARC = YES;
				CLANG_WARN_BOOL_CONVERSION = YES;
				CLANG_WARN_CONSTANT_CONVERSION = YES;
				CLANG_WARN_DIRECT_OBJC_ISA_USAGE = YES_ERROR;
				CLANG_WARN_EMPTY_BODY = YES;
				CLANG_WARN_ENUM_CONVERSION = YES;
				CLANG_WARN_INT_CONVERSION = YES;
				CLANG_WARN_OBJC_ROOT_CLASS = YES_ERROR;
				CLANG_WARN_UNREACHABLE_CODE = YES;
				CLANG_WARN__DUPLICATE_METHOD_MATCH = YES;
				"CODE_SIGN_IDENTITY[sdk=iphoneos*]" = "iPhone Developer";
				COPY_PHASE_STRIP = NO;
				DEBUG_INFORMATION_FORMAT = "dwarf-with-dsym";
				ENABLE_NS_ASSERTIONS = NO;
				ENABLE_STRICT_OBJC_MSGSEND = YES;
				GCC_C_LANGUAGE_STANDARD = gnu99;
				GCC_NO_COMMON_BLOCKS = YES;
				GCC_WARN_64_TO_32_BIT_CONVERSION = YES;
				GCC_WARN_ABOUT_RETURN_TYPE = YES_ERROR;
				GCC_WARN_UNDECLARED_SELECTOR = YES;
				GCC_WARN_UNINITIALIZED_AUTOS = YES_AGGRESSIVE;
				GCC_WARN_UNUSED_FUNCTION = YES;
				GCC_WARN_UNUSED_VARIABLE = YES;
				IPHONEOS_DEPLOYMENT_TARGET = 9.3;
				MTL_ENABLE_DEBUG_INFO = NO;
				SDKROOT = iphoneos;
				TARGETED_DEVICE_FAMILY = "1,2";
				VALIDATE_PRODUCT = YES;
			};
			name = Release;
		};
		3D0751C71D50F68F001FAB9C /* Debug */ = {
			isa = XCBuildConfiguration;
			buildSettings = {
				ASSETCATALOG_COMPILER_APPICON_NAME = AppIcon;
				CODE_SIGN_IDENTITY = "iPhone Developer";
				"CODE_SIGN_IDENTITY[sdk=iphoneos*]" = "iPhone Developer";
				INFOPLIST_FILE = calculator/Info.plist;
				IPHONEOS_DEPLOYMENT_TARGET = 9.0;
				LD_RUNPATH_SEARCH_PATHS = "$(inherited) @executable_path/Frameworks";
				PRODUCT_BUNDLE_IDENTIFIER = com.jasi.calculator;
				PRODUCT_NAME = "$(TARGET_NAME)";
				PROVISIONING_PROFILE = "";
			};
			name = Debug;
		};
		3D0751C81D50F68F001FAB9C /* Release */ = {
			isa = XCBuildConfiguration;
			buildSettings = {
				ASSETCATALOG_COMPILER_APPICON_NAME = AppIcon;
				CODE_SIGN_IDENTITY = "iPhone Developer";
				"CODE_SIGN_IDENTITY[sdk=iphoneos*]" = "iPhone Developer";
				INFOPLIST_FILE = calculator/Info.plist;
				IPHONEOS_DEPLOYMENT_TARGET = 9.0;
				LD_RUNPATH_SEARCH_PATHS = "$(inherited) @executable_path/Frameworks";
				PRODUCT_BUNDLE_IDENTIFIER = com.jasi.calculator;
				PRODUCT_NAME = "$(TARGET_NAME)";
				PROVISIONING_PROFILE = "";
			};
			name = Release;
		};
/* End XCBuildConfiguration section */

/* Begin XCConfigurationList section */
		3D0751AF1D50F68A001FAB9C /* Build configuration list for PBXProject "calculator" */ = {
			isa = XCConfigurationList;
			buildConfigurations = (
				3D0751C41D50F68F001FAB9C /* Debug */,
				3D0751C51D50F68F001FAB9C /* Release */,
			);
			defaultConfigurationIsVisible = 0;
			defaultConfigurationName = Release;
		};
		3D0751C61D50F68F001FAB9C /* Build configuration list for PBXNativeTarget "calculator" */ = {
			isa = XCConfigurationList;
			buildConfigurations = (
				3D0751C71D50F68F001FAB9C /* Debug */,
				3D0751C81D50F68F001FAB9C /* Release */,
			);
			defaultConfigurationIsVisible = 0;
			defaultConfigurationName = Release;
		};
/* End XCConfigurationList section */
	};
	rootObject = 3D0751AC1D50F68A001FAB9C /* Project object */;
}
